
Microsoft Visual Studio Solution File, Format Version 12.00
# Visual Studio Version 17
VisualStudioVersion = 17.1.32328.378
MinimumVisualStudioVersion = 10.0.40219.1
Project("{FAE04EC0-301F-11D3-BF4B-00C04F79EFBC}") = "FizzBuzz.Game", "FizzBuzz.Game\FizzBuzz.Game.csproj", "{AAE17F63-BC84-4798-9D33-56F111C9FBFA}"
EndProject
Project("{FAE04EC0-301F-11D3-BF4B-00C04F79EFBC}") = "FizzBuzz.Tests", "FizzBuzz.Tests\FizzBuzz.Tests.csproj", "{0E934B72-5209-47E0-A92B-3673B559727F}"
EndProject
Global
	GlobalSection(SolutionConfigurationPlatforms) = preSolution
		Debug|Any CPU = Debug|Any CPU
		Release|Any CPU = Release|Any CPU
	EndGlobalSection
	GlobalSection(ProjectConfigurationPlatforms) = postSolution
		{AAE17F63-BC84-4798-9D33-56F111C9FBFA}.Debug|Any CPU.ActiveCfg = Debug|Any CPU
		{AAE17F63-BC84-4798-9D33-56F111C9FBFA}.Debug|Any CPU.Build.0 = Debug|Any CPU
		{AAE17F63-BC84-4798-9D33-56F111C9FBFA}.Release|Any CPU.ActiveCfg = Release|Any CPU
		{AAE17F63-BC84-4798-9D33-56F111C9FBFA}.Release|Any CPU.Build.0 = Release|Any CPU
		{0E934B72-5209-47E0-A92B-3673B559727F}.Debug|Any CPU.ActiveCfg = Debug|Any CPU
		{0E934B72-5209-47E0-A92B-3673B559727F}.Debug|Any CPU.Build.0 = Debug|Any CPU
		{0E934B72-5209-47E0-A92B-3673B559727F}.Release|Any CPU.ActiveCfg = Release|Any CPU
		{0E934B72-5209-47E0-A92B-3673B559727F}.Release|Any CPU.Build.0 = Release|Any CPU
	EndGlobalSection
	GlobalSection(SolutionProperties) = preSolution
		HideSolutionNode = FALSE
	EndGlobalSection
	GlobalSection(ExtensibilityGlobals) = postSolution
		SolutionGuid = {ABDE131B-E8B8-4F27-A9BD-BE0D29D5B479}
	EndGlobalSection
EndGlobal
